// !$*UTF8*$!
{
	archiveVersion = 1;
	classes = {
	};
	objectVersion = 56;
	objects = {

/* Begin PBXBuildFile section */
		3282978D296AAB5E00CCB6E1 /* Stable Watch App.app in Embed Watch Content */ = {isa = PBXBuildFile; fileRef = 3282978C296AAB5E00CCB6E1 /* Stable Watch App.app */; settings = {ATTRIBUTES = (RemoveHeadersOnCopy, ); }; };
		32829792296AAB5E00CCB6E1 /* StableApp.swift in Sources */ = {isa = PBXBuildFile; fileRef = 32829791296AAB5E00CCB6E1 /* StableApp.swift */; };
		32829794296AAB5E00CCB6E1 /* ContentView.swift in Sources */ = {isa = PBXBuildFile; fileRef = 32829793296AAB5E00CCB6E1 /* ContentView.swift */; };
		32829796296AAB5E00CCB6E1 /* Assets.xcassets in Resources */ = {isa = PBXBuildFile; fileRef = 32829795296AAB5E00CCB6E1 /* Assets.xcassets */; };
		32829799296AAB5E00CCB6E1 /* Preview Assets.xcassets in Resources */ = {isa = PBXBuildFile; fileRef = 32829798296AAB5E00CCB6E1 /* Preview Assets.xcassets */; };
		328297A4296AB75700CCB6E1 /* HistoryPage.swift in Sources */ = {isa = PBXBuildFile; fileRef = 328297A3296AB75700CCB6E1 /* HistoryPage.swift */; };
		328297A6296ACAFF00CCB6E1 /* ThisWeekPage.swift in Sources */ = {isa = PBXBuildFile; fileRef = 328297A5296ACAFF00CCB6E1 /* ThisWeekPage.swift */; };
		329DDA0C296DD2AC00833CA6 /* Timeormatting.swift in Sources */ = {isa = PBXBuildFile; fileRef = 329DDA0B296DD2AC00833CA6 /* Timeormatting.swift */; };
		32C8A512296BE87E008AA97B /* StableModel.xcdatamodeld in Sources */ = {isa = PBXBuildFile; fileRef = 32C8A510296BE87E008AA97B /* StableModel.xcdatamodeld */; };
		32C8A514296BEC05008AA97B /* DataController.swift in Sources */ = {isa = PBXBuildFile; fileRef = 32C8A513296BEC05008AA97B /* DataController.swift */; };
		32C8A517296BF2B0008AA97B /* Localizable.strings in Resources */ = {isa = PBXBuildFile; fileRef = 32C8A519296BF2B0008AA97B /* Localizable.strings */; };
		32C8A51C296C16A7008AA97B /* AddPage.swift in Sources */ = {isa = PBXBuildFile; fileRef = 32C8A51B296C16A7008AA97B /* AddPage.swift */; };
/* End PBXBuildFile section */

/* Begin PBXContainerItemProxy section */
		3282978E296AAB5E00CCB6E1 /* PBXContainerItemProxy */ = {
			isa = PBXContainerItemProxy;
			containerPortal = 32829780296AAB5E00CCB6E1 /* Project object */;
			proxyType = 1;
			remoteGlobalIDString = 3282978B296AAB5E00CCB6E1;
			remoteInfo = "Stable Watch App";
		};
/* End PBXContainerItemProxy section */

/* Begin PBXCopyFilesBuildPhase section */
		3282979F296AAB5E00CCB6E1 /* Embed Watch Content */ = {
			isa = PBXCopyFilesBuildPhase;
			buildActionMask = 2147483647;
			dstPath = "$(CONTENTS_FOLDER_PATH)/Watch";
			dstSubfolderSpec = 16;
			files = (
				3282978D296AAB5E00CCB6E1 /* Stable Watch App.app in Embed Watch Content */,
			);
			name = "Embed Watch Content";
			runOnlyForDeploymentPostprocessing = 0;
		};
/* End PBXCopyFilesBuildPhase section */

/* Begin PBXFileReference section */
		32829786296AAB5E00CCB6E1 /* Stable.app */ = {isa = PBXFileReference; explicitFileType = wrapper.application; includeInIndex = 0; path = Stable.app; sourceTree = BUILT_PRODUCTS_DIR; };
		3282978C296AAB5E00CCB6E1 /* Stable Watch App.app */ = {isa = PBXFileReference; explicitFileType = wrapper.application; includeInIndex = 0; path = "Stable Watch App.app"; sourceTree = BUILT_PRODUCTS_DIR; };
		32829791296AAB5E00CCB6E1 /* StableApp.swift */ = {isa = PBXFileReference; lastKnownFileType = sourcecode.swift; path = StableApp.swift; sourceTree = "<group>"; };
		32829793296AAB5E00CCB6E1 /* ContentView.swift */ = {isa = PBXFileReference; lastKnownFileType = sourcecode.swift; path = ContentView.swift; sourceTree = "<group>"; };
		32829795296AAB5E00CCB6E1 /* Assets.xcassets */ = {isa = PBXFileReference; lastKnownFileType = folder.assetcatalog; path = Assets.xcassets; sourceTree = "<group>"; };
		32829798296AAB5E00CCB6E1 /* Preview Assets.xcassets */ = {isa = PBXFileReference; lastKnownFileType = folder.assetcatalog; path = "Preview Assets.xcassets"; sourceTree = "<group>"; };
		328297A3296AB75700CCB6E1 /* HistoryPage.swift */ = {isa = PBXFileReference; lastKnownFileType = sourcecode.swift; path = HistoryPage.swift; sourceTree = "<group>"; };
		328297A5296ACAFF00CCB6E1 /* ThisWeekPage.swift */ = {isa = PBXFileReference; lastKnownFileType = sourcecode.swift; path = ThisWeekPage.swift; sourceTree = "<group>"; };
		329DDA0B296DD2AC00833CA6 /* Timeormatting.swift */ = {isa = PBXFileReference; lastKnownFileType = sourcecode.swift; path = Timeormatting.swift; sourceTree = "<group>"; };
		32C8A511296BE87E008AA97B /* StableModel.xcdatamodel */ = {isa = PBXFileReference; lastKnownFileType = wrapper.xcdatamodel; path = StableModel.xcdatamodel; sourceTree = "<group>"; };
		32C8A513296BEC05008AA97B /* DataController.swift */ = {isa = PBXFileReference; lastKnownFileType = sourcecode.swift; path = DataController.swift; sourceTree = "<group>"; };
		32C8A518296BF2B0008AA97B /* ar */ = {isa = PBXFileReference; lastKnownFileType = text.plist.strings; name = ar; path = ar.lproj/Localizable.strings; sourceTree = "<group>"; };
		32C8A51B296C16A7008AA97B /* AddPage.swift */ = {isa = PBXFileReference; lastKnownFileType = sourcecode.swift; path = AddPage.swift; sourceTree = "<group>"; };
/* End PBXFileReference section */

/* Begin PBXFrameworksBuildPhase section */
		32829789296AAB5E00CCB6E1 /* Frameworks */ = {
			isa = PBXFrameworksBuildPhase;
			buildActionMask = 2147483647;
			files = (
			);
			runOnlyForDeploymentPostprocessing = 0;
		};
/* End PBXFrameworksBuildPhase section */

/* Begin PBXGroup section */
		3282977F296AAB5E00CCB6E1 = {
			isa = PBXGroup;
			children = (
				32C8A519296BF2B0008AA97B /* Localizable.strings */,
				32829790296AAB5E00CCB6E1 /* Stable Watch App */,
				32829787296AAB5E00CCB6E1 /* Products */,
			);
			sourceTree = "<group>";
		};
		32829787296AAB5E00CCB6E1 /* Products */ = {
			isa = PBXGroup;
			children = (
				32829786296AAB5E00CCB6E1 /* Stable.app */,
				3282978C296AAB5E00CCB6E1 /* Stable Watch App.app */,
			);
			name = Products;
			sourceTree = "<group>";
		};
		32829790296AAB5E00CCB6E1 /* Stable Watch App */ = {
			isa = PBXGroup;
			children = (
				329DDA0A296DD28600833CA6 /* Helpers */,
				32829791296AAB5E00CCB6E1 /* StableApp.swift */,
				32C8A51A296BFDAE008AA97B /* Views */,
				32C8A50F296BE826008AA97B /* DataModel */,
				32829795296AAB5E00CCB6E1 /* Assets.xcassets */,
				32829797296AAB5E00CCB6E1 /* Preview Content */,
			);
			path = "Stable Watch App";
			sourceTree = "<group>";
		};
		32829797296AAB5E00CCB6E1 /* Preview Content */ = {
			isa = PBXGroup;
			children = (
				32829798296AAB5E00CCB6E1 /* Preview Assets.xcassets */,
			);
			path = "Preview Content";
			sourceTree = "<group>";
		};
		329DDA0A296DD28600833CA6 /* Helpers */ = {
			isa = PBXGroup;
			children = (
				329DDA0B296DD2AC00833CA6 /* Timeormatting.swift */,
			);
			path = Helpers;
			sourceTree = "<group>";
		};
		32C8A50F296BE826008AA97B /* DataModel */ = {
			isa = PBXGroup;
			children = (
				32C8A510296BE87E008AA97B /* StableModel.xcdatamodeld */,
				32C8A513296BEC05008AA97B /* DataController.swift */,
			);
			path = DataModel;
			sourceTree = "<group>";
		};
		32C8A51A296BFDAE008AA97B /* Views */ = {
			isa = PBXGroup;
			children = (
				328297A5296ACAFF00CCB6E1 /* ThisWeekPage.swift */,
				328297A3296AB75700CCB6E1 /* HistoryPage.swift */,
				32829793296AAB5E00CCB6E1 /* ContentView.swift */,
				32C8A51B296C16A7008AA97B /* AddPage.swift */,
			);
			path = Views;
			sourceTree = "<group>";
		};
/* End PBXGroup section */

/* Begin PBXNativeTarget section */
		32829785296AAB5E00CCB6E1 /* Stable */ = {
			isa = PBXNativeTarget;
			buildConfigurationList = 328297A0296AAB5E00CCB6E1 /* Build configuration list for PBXNativeTarget "Stable" */;
			buildPhases = (
				32829784296AAB5E00CCB6E1 /* Resources */,
				3282979F296AAB5E00CCB6E1 /* Embed Watch Content */,
			);
			buildRules = (
			);
			dependencies = (
				3282978F296AAB5E00CCB6E1 /* PBXTargetDependency */,
			);
			name = Stable;
			productName = Stable;
			productReference = 32829786296AAB5E00CCB6E1 /* Stable.app */;
			productType = "com.apple.product-type.application.watchapp2-container";
		};
		3282978B296AAB5E00CCB6E1 /* Stable Watch App */ = {
			isa = PBXNativeTarget;
			buildConfigurationList = 3282979C296AAB5E00CCB6E1 /* Build configuration list for PBXNativeTarget "Stable Watch App" */;
			buildPhases = (
				32829788296AAB5E00CCB6E1 /* Sources */,
				32829789296AAB5E00CCB6E1 /* Frameworks */,
				3282978A296AAB5E00CCB6E1 /* Resources */,
			);
			buildRules = (
			);
			dependencies = (
			);
			name = "Stable Watch App";
			productName = "Stable Watch App";
			productReference = 3282978C296AAB5E00CCB6E1 /* Stable Watch App.app */;
			productType = "com.apple.product-type.application";
		};
/* End PBXNativeTarget section */

/* Begin PBXProject section */
		32829780296AAB5E00CCB6E1 /* Project object */ = {
			isa = PBXProject;
			attributes = {
				BuildIndependentTargetsInParallel = 1;
				LastSwiftUpdateCheck = 1410;
				LastUpgradeCheck = 1410;
				TargetAttributes = {
					32829785296AAB5E00CCB6E1 = {
						CreatedOnToolsVersion = 14.1;
					};
					3282978B296AAB5E00CCB6E1 = {
						CreatedOnToolsVersion = 14.1;
					};
				};
			};
			buildConfigurationList = 32829783296AAB5E00CCB6E1 /* Build configuration list for PBXProject "Stable" */;
			compatibilityVersion = "Xcode 14.0";
			developmentRegion = en;
			hasScannedForEncodings = 0;
			knownRegions = (
				en,
				Base,
				ar,
			);
			mainGroup = 3282977F296AAB5E00CCB6E1;
			productRefGroup = 32829787296AAB5E00CCB6E1 /* Products */;
			projectDirPath = "";
			projectRoot = "";
			targets = (
				32829785296AAB5E00CCB6E1 /* Stable */,
				3282978B296AAB5E00CCB6E1 /* Stable Watch App */,
			);
		};
/* End PBXProject section */

/* Begin PBXResourcesBuildPhase section */
		32829784296AAB5E00CCB6E1 /* Resources */ = {
			isa = PBXResourcesBuildPhase;
			buildActionMask = 2147483647;
			files = (
			);
			runOnlyForDeploymentPostprocessing = 0;
		};
		3282978A296AAB5E00CCB6E1 /* Resources */ = {
			isa = PBXResourcesBuildPhase;
			buildActionMask = 2147483647;
			files = (
				32829799296AAB5E00CCB6E1 /* Preview Assets.xcassets in Resources */,
				32C8A517296BF2B0008AA97B /* Localizable.strings in Resources */,
				32829796296AAB5E00CCB6E1 /* Assets.xcassets in Resources */,
			);
			runOnlyForDeploymentPostprocessing = 0;
		};
/* End PBXResourcesBuildPhase section */

/* Begin PBXSourcesBuildPhase section */
		32829788296AAB5E00CCB6E1 /* Sources */ = {
			isa = PBXSourcesBuildPhase;
			buildActionMask = 2147483647;
			files = (
				32C8A51C296C16A7008AA97B /* AddPage.swift in Sources */,
				328297A4296AB75700CCB6E1 /* HistoryPage.swift in Sources */,
				329DDA0C296DD2AC00833CA6 /* Timeormatting.swift in Sources */,
				32C8A514296BEC05008AA97B /* DataController.swift in Sources */,
				32C8A512296BE87E008AA97B /* StableModel.xcdatamodeld in Sources */,
				32829794296AAB5E00CCB6E1 /* ContentView.swift in Sources */,
				328297A6296ACAFF00CCB6E1 /* ThisWeekPage.swift in Sources */,
				32829792296AAB5E00CCB6E1 /* StableApp.swift in Sources */,
			);
			runOnlyForDeploymentPostprocessing = 0;
		};
/* End PBXSourcesBuildPhase section */

/* Begin PBXTargetDependency section */
		3282978F296AAB5E00CCB6E1 /* PBXTargetDependency */ = {
			isa = PBXTargetDependency;
			target = 3282978B296AAB5E00CCB6E1 /* Stable Watch App */;
			targetProxy = 3282978E296AAB5E00CCB6E1 /* PBXContainerItemProxy */;
		};
/* End PBXTargetDependency section */

/* Begin PBXVariantGroup section */
		32C8A519296BF2B0008AA97B /* Localizable.strings */ = {
			isa = PBXVariantGroup;
			children = (
				32C8A518296BF2B0008AA97B /* ar */,
			);
			name = Localizable.strings;
			sourceTree = "<group>";
		};
/* End PBXVariantGroup section */

/* Begin XCBuildConfiguration section */
		3282979A296AAB5E00CCB6E1 /* Debug */ = {
			isa = XCBuildConfiguration;
			buildSettings = {
				ALWAYS_SEARCH_USER_PATHS = NO;
				CLANG_ANALYZER_NONNULL = YES;
				CLANG_ANALYZER_NUMBER_OBJECT_CONVERSION = YES_AGGRESSIVE;
				CLANG_CXX_LANGUAGE_STANDARD = "gnu++20";
				CLANG_ENABLE_MODULES = YES;
				CLANG_ENABLE_OBJC_ARC = YES;
				CLANG_ENABLE_OBJC_WEAK = YES;
				CLANG_WARN_BLOCK_CAPTURE_AUTORELEASING = YES;
				CLANG_WARN_BOOL_CONVERSION = YES;
				CLANG_WARN_COMMA = YES;
				CLANG_WARN_CONSTANT_CONVERSION = YES;
				CLANG_WARN_DEPRECATED_OBJC_IMPLEMENTATIONS = YES;
				CLANG_WARN_DIRECT_OBJC_ISA_USAGE = YES_ERROR;
				CLANG_WARN_DOCUMENTATION_COMMENTS = YES;
				CLANG_WARN_EMPTY_BODY = YES;
				CLANG_WARN_ENUM_CONVERSION = YES;
				CLANG_WARN_INFINITE_RECURSION = YES;
				CLANG_WARN_INT_CONVERSION = YES;
				CLANG_WARN_NON_LITERAL_NULL_CONVERSION = YES;
				CLANG_WARN_OBJC_IMPLICIT_RETAIN_SELF = YES;
				CLANG_WARN_OBJC_LITERAL_CONVERSION = YES;
				CLANG_WARN_OBJC_ROOT_CLASS = YES_ERROR;
				CLANG_WARN_QUOTED_INCLUDE_IN_FRAMEWORK_HEADER = YES;
				CLANG_WARN_RANGE_LOOP_ANALYSIS = YES;
				CLANG_WARN_STRICT_PROTOTYPES = YES;
				CLANG_WARN_SUSPICIOUS_MOVE = YES;
				CLANG_WARN_UNGUARDED_AVAILABILITY = YES_AGGRESSIVE;
				CLANG_WARN_UNREACHABLE_CODE = YES;
				CLANG_WARN__DUPLICATE_METHOD_MATCH = YES;
				COPY_PHASE_STRIP = NO;
				DEBUG_INFORMATION_FORMAT = dwarf;
				ENABLE_STRICT_OBJC_MSGSEND = YES;
				ENABLE_TESTABILITY = YES;
				GCC_C_LANGUAGE_STANDARD = gnu11;
				GCC_DYNAMIC_NO_PIC = NO;
				GCC_NO_COMMON_BLOCKS = YES;
				GCC_OPTIMIZATION_LEVEL = 0;
				GCC_PREPROCESSOR_DEFINITIONS = (
					"DEBUG=1",
					"$(inherited)",
				);
				GCC_WARN_64_TO_32_BIT_CONVERSION = YES;
				GCC_WARN_ABOUT_RETURN_TYPE = YES_ERROR;
				GCC_WARN_UNDECLARED_SELECTOR = YES;
				GCC_WARN_UNINITIALIZED_AUTOS = YES_AGGRESSIVE;
				GCC_WARN_UNUSED_FUNCTION = YES;
				GCC_WARN_UNUSED_VARIABLE = YES;
				MTL_ENABLE_DEBUG_INFO = INCLUDE_SOURCE;
				MTL_FAST_MATH = YES;
				ONLY_ACTIVE_ARCH = YES;
				SWIFT_ACTIVE_COMPILATION_CONDITIONS = DEBUG;
				SWIFT_OPTIMIZATION_LEVEL = "-Onone";
			};
			name = Debug;
		};
		3282979B296AAB5E00CCB6E1 /* Release */ = {
			isa = XCBuildConfiguration;
			buildSettings = {
				ALWAYS_SEARCH_USER_PATHS = NO;
				CLANG_ANALYZER_NONNULL = YES;
				CLANG_ANALYZER_NUMBER_OBJECT_CONVERSION = YES_AGGRESSIVE;
				CLANG_CXX_LANGUAGE_STANDARD = "gnu++20";
				CLANG_ENABLE_MODULES = YES;
				CLANG_ENABLE_OBJC_ARC = YES;
				CLANG_ENABLE_OBJC_WEAK = YES;
				CLANG_WARN_BLOCK_CAPTURE_AUTORELEASING = YES;
				CLANG_WARN_BOOL_CONVERSION = YES;
				CLANG_WARN_COMMA = YES;
				CLANG_WARN_CONSTANT_CONVERSION = YES;
				CLANG_WARN_DEPRECATED_OBJC_IMPLEMENTATIONS = YES;
				CLANG_WARN_DIRECT_OBJC_ISA_USAGE = YES_ERROR;
				CLANG_WARN_DOCUMENTATION_COMMENTS = YES;
				CLANG_WARN_EMPTY_BODY = YES;
				CLANG_WARN_ENUM_CONVERSION = YES;
				CLANG_WARN_INFINITE_RECURSION = YES;
				CLANG_WARN_INT_CONVERSION = YES;
				CLANG_WARN_NON_LITERAL_NULL_CONVERSION = YES;
				CLANG_WARN_OBJC_IMPLICIT_RETAIN_SELF = YES;
				CLANG_WARN_OBJC_LITERAL_CONVERSION = YES;
				CLANG_WARN_OBJC_ROOT_CLASS = YES_ERROR;
				CLANG_WARN_QUOTED_INCLUDE_IN_FRAMEWORK_HEADER = YES;
				CLANG_WARN_RANGE_LOOP_ANALYSIS = YES;
				CLANG_WARN_STRICT_PROTOTYPES = YES;
				CLANG_WARN_SUSPICIOUS_MOVE = YES;
				CLANG_WARN_UNGUARDED_AVAILABILITY = YES_AGGRESSIVE;
				CLANG_WARN_UNREACHABLE_CODE = YES;
				CLANG_WARN__DUPLICATE_METHOD_MATCH = YES;
				COPY_PHASE_STRIP = NO;
				DEBUG_INFORMATION_FORMAT = "dwarf-with-dsym";
				ENABLE_NS_ASSERTIONS = NO;
				ENABLE_STRICT_OBJC_MSGSEND = YES;
				GCC_C_LANGUAGE_STANDARD = gnu11;
				GCC_NO_COMMON_BLOCKS = YES;
				GCC_WARN_64_TO_32_BIT_CONVERSION = YES;
				GCC_WARN_ABOUT_RETURN_TYPE = YES_ERROR;
				GCC_WARN_UNDECLARED_SELECTOR = YES;
				GCC_WARN_UNINITIALIZED_AUTOS = YES_AGGRESSIVE;
				GCC_WARN_UNUSED_FUNCTION = YES;
				GCC_WARN_UNUSED_VARIABLE = YES;
				MTL_ENABLE_DEBUG_INFO = NO;
				MTL_FAST_MATH = YES;
				SWIFT_COMPILATION_MODE = wholemodule;
				SWIFT_OPTIMIZATION_LEVEL = "-O";
			};
			name = Release;
		};
		3282979D296AAB5E00CCB6E1 /* Debug */ = {
			isa = XCBuildConfiguration;
			buildSettings = {
				ASSETCATALOG_COMPILER_APPICON_NAME = AppIcon;
				ASSETCATALOG_COMPILER_GLOBAL_ACCENT_COLOR_NAME = AccentColor;
				CODE_SIGN_STYLE = Automatic;
				CURRENT_PROJECT_VERSION = 1;
				DEVELOPMENT_ASSET_PATHS = "\"Stable Watch App/Preview Content\"";
				DEVELOPMENT_TEAM = 9GLQUBC535;
				ENABLE_PREVIEWS = YES;
				GENERATE_INFOPLIST_FILE = YES;
				INFOPLIST_KEY_CFBundleDisplayName = Stable;
				INFOPLIST_KEY_UISupportedInterfaceOrientations = "UIInterfaceOrientationPortrait UIInterfaceOrientationPortraitUpsideDown";
				INFOPLIST_KEY_WKWatchOnly = YES;
				LD_RUNPATH_SEARCH_PATHS = (
					"$(inherited)",
					"@executable_path/Frameworks",
				);
				MARKETING_VERSION = 1.0;
				PRODUCT_BUNDLE_IDENTIFIER = Team26.Stable.watchkitapp;
				PRODUCT_NAME = "$(TARGET_NAME)";
				SDKROOT = watchos;
				SKIP_INSTALL = YES;
				SWIFT_EMIT_LOC_STRINGS = YES;
				SWIFT_VERSION = 5.0;
				TARGETED_DEVICE_FAMILY = 4;
				WATCHOS_DEPLOYMENT_TARGET = 9.1;
			};
			name = Debug;
		};
		3282979E296AAB5E00CCB6E1 /* Release */ = {
			isa = XCBuildConfiguration;
			buildSettings = {
				ASSETCATALOG_COMPILER_APPICON_NAME = AppIcon;
				ASSETCATALOG_COMPILER_GLOBAL_ACCENT_COLOR_NAME = AccentColor;
				CODE_SIGN_STYLE = Automatic;
				CURRENT_PROJECT_VERSION = 1;
				DEVELOPMENT_ASSET_PATHS = "\"Stable Watch App/Preview Content\"";
				DEVELOPMENT_TEAM = 9GLQUBC535;
				ENABLE_PREVIEWS = YES;
				GENERATE_INFOPLIST_FILE = YES;
				INFOPLIST_KEY_CFBundleDisplayName = Stable;
				INFOPLIST_KEY_UISupportedInterfaceOrientations = "UIInterfaceOrientationPortrait UIInterfaceOrientationPortraitUpsideDown";
				INFOPLIST_KEY_WKWatchOnly = YES;
				LD_RUNPATH_SEARCH_PATHS = (
					"$(inherited)",
					"@executable_path/Frameworks",
				);
				MARKETING_VERSION = 1.0;
				PRODUCT_BUNDLE_IDENTIFIER = Team26.Stable.watchkitapp;
				PRODUCT_NAME = "$(TARGET_NAME)";
				SDKROOT = watchos;
				SKIP_INSTALL = YES;
				SWIFT_EMIT_LOC_STRINGS = YES;
				SWIFT_VERSION = 5.0;
				TARGETED_DEVICE_FAMILY = 4;
				VALIDATE_PRODUCT = YES;
				WATCHOS_DEPLOYMENT_TARGET = 9.1;
			};
			name = Release;
		};
		328297A1296AAB5E00CCB6E1 /* Debug */ = {
			isa = XCBuildConfiguration;
			buildSettings = {
				ALWAYS_EMBED_SWIFT_STANDARD_LIBRARIES = YES;
				CODE_SIGN_STYLE = Automatic;
				CURRENT_PROJECT_VERSION = 1;
				DEVELOPMENT_TEAM = 9GLQUBC535;
				INFOPLIST_KEY_CFBundleDisplayName = Stable;
				MARKETING_VERSION = 1.0;
				PRODUCT_BUNDLE_IDENTIFIER = Team26.Stable;
				PRODUCT_NAME = "$(TARGET_NAME)";
				SDKROOT = iphoneos;
				SWIFT_VERSION = 5.0;
			};
			name = Debug;
		};
		328297A2296AAB5E00CCB6E1 /* Release */ = {
			isa = XCBuildConfiguration;
			buildSettings = {
				ALWAYS_EMBED_SWIFT_STANDARD_LIBRARIES = YES;
				CODE_SIGN_STYLE = Automatic;
				CURRENT_PROJECT_VERSION = 1;
				DEVELOPMENT_TEAM = 9GLQUBC535;
				INFOPLIST_KEY_CFBundleDisplayName = Stable;
				MARKETING_VERSION = 1.0;
				PRODUCT_BUNDLE_IDENTIFIER = Team26.Stable;
				PRODUCT_NAME = "$(TARGET_NAME)";
				SDKROOT = iphoneos;
				SWIFT_VERSION = 5.0;
				VALIDATE_PRODUCT = YES;
			};
			name = Release;
		};
/* End XCBuildConfiguration section */

/* Begin XCConfigurationList section */
		32829783296AAB5E00CCB6E1 /* Build configuration list for PBXProject "Stable" */ = {
			isa = XCConfigurationList;
			buildConfigurations = (
				3282979A296AAB5E00CCB6E1 /* Debug */,
				3282979B296AAB5E00CCB6E1 /* Release */,
			);
			defaultConfigurationIsVisible = 0;
			defaultConfigurationName = Release;
		};
		3282979C296AAB5E00CCB6E1 /* Build configuration list for PBXNativeTarget "Stable Watch App" */ = {
			isa = XCConfigurationList;
			buildConfigurations = (
				3282979D296AAB5E00CCB6E1 /* Debug */,
				3282979E296AAB5E00CCB6E1 /* Release */,
			);
			defaultConfigurationIsVisible = 0;
			defaultConfigurationName = Release;
		};
		328297A0296AAB5E00CCB6E1 /* Build configuration list for PBXNativeTarget "Stable" */ = {
			isa = XCConfigurationList;
			buildConfigurations = (
				328297A1296AAB5E00CCB6E1 /* Debug */,
				328297A2296AAB5E00CCB6E1 /* Release */,
			);
			defaultConfigurationIsVisible = 0;
			defaultConfigurationName = Release;
		};
/* End XCConfigurationList section */

/* Begin XCVersionGroup section */
		32C8A510296BE87E008AA97B /* StableModel.xcdatamodeld */ = {
			isa = XCVersionGroup;
			children = (
				32C8A511296BE87E008AA97B /* StableModel.xcdatamodel */,
			);
			currentVersion = 32C8A511296BE87E008AA97B /* StableModel.xcdatamodel */;
			path = StableModel.xcdatamodeld;
			sourceTree = "<group>";
			versionGroupType = wrapper.xcdatamodel;
		};
/* End XCVersionGroup section */
	};
	rootObject = 32829780296AAB5E00CCB6E1 /* Project object */;
}
